// !$*UTF8*$!
{
	archiveVersion = 1;
	classes = {
	};
	objectVersion = 48;
	objects = {

/* Begin PBXBuildFile section */
		8422E1671F8CC65D00941BA4 /* grid.png in Resources */ = {isa = PBXBuildFile; fileRef = 8422E1661F8CC65D00941BA4 /* grid.png */; };
		84797BBE1F8E3C1700DC71EA /* CollisionBetweenBoxAndPlaneViewController.swift in Sources */ = {isa = PBXBuildFile; fileRef = 84797BBD1F8E3C1700DC71EA /* CollisionBetweenBoxAndPlaneViewController.swift */; };
		84797BC01F8E463F00DC71EA /* ApplyingForceToPhysicalObjectsViewController.swift in Sources */ = {isa = PBXBuildFile; fileRef = 84797BBF1F8E463F00DC71EA /* ApplyingForceToPhysicalObjectsViewController.swift */; };
		848185BB1F8D107A005D903F /* AddingPhysicsToObjectViewController.swift in Sources */ = {isa = PBXBuildFile; fileRef = 848185BA1F8D107A005D903F /* AddingPhysicsToObjectViewController.swift */; };
		849AC1861F8F79D7000B6CC2 /* table.dae in Resources */ = {isa = PBXBuildFile; fileRef = 849AC1851F8F79D7000B6CC2 /* table.dae */; };
		849AC1881F8F7AB1000B6CC2 /* FW_WD_M.JPG in Resources */ = {isa = PBXBuildFile; fileRef = 849AC1871F8F7AB0000B6CC2 /* FW_WD_M.JPG */; };
		849AC18A1F8F7BB8000B6CC2 /* LoadingModelsViewController.swift in Sources */ = {isa = PBXBuildFile; fileRef = 849AC1891F8F7BB8000B6CC2 /* LoadingModelsViewController.swift */; };
		849AC18E1F8F9229000B6CC2 /* tischholz2.jpg in Resources */ = {isa = PBXBuildFile; fileRef = 849AC18B1F8F9229000B6CC2 /* tischholz2.jpg */; };
		849AC18F1F8F9229000B6CC2 /* _6.jpg in Resources */ = {isa = PBXBuildFile; fileRef = 849AC18C1F8F9229000B6CC2 /* _6.jpg */; };
		849AC1901F8F9229000B6CC2 /* tischholz.jpg in Resources */ = {isa = PBXBuildFile; fileRef = 849AC18D1F8F9229000B6CC2 /* tischholz.jpg */; };
		849AC1921F8F9231000B6CC2 /* bench.dae in Resources */ = {isa = PBXBuildFile; fileRef = 849AC1911F8F9231000B6CC2 /* bench.dae */; };
		84A835011F8BB673003A5EDC /* OverlayPlane.swift in Sources */ = {isa = PBXBuildFile; fileRef = 84A835001F8BB673003A5EDC /* OverlayPlane.swift */; };
		84E0943B1F8B7BFD0020F3CE /* AppDelegate.swift in Sources */ = {isa = PBXBuildFile; fileRef = 84E0943A1F8B7BFD0020F3CE /* AppDelegate.swift */; };
		84E0943D1F8B7BFD0020F3CE /* art.scnassets in Resources */ = {isa = PBXBuildFile; fileRef = 84E0943C1F8B7BFD0020F3CE /* art.scnassets */; };
		84E0943F1F8B7BFD0020F3CE /* ViewController.swift in Sources */ = {isa = PBXBuildFile; fileRef = 84E0943E1F8B7BFD0020F3CE /* ViewController.swift */; };
		84E094421F8B7BFD0020F3CE /* Main.storyboard in Resources */ = {isa = PBXBuildFile; fileRef = 84E094401F8B7BFD0020F3CE /* Main.storyboard */; };
		84E094441F8B7BFD0020F3CE /* Assets.xcassets in Resources */ = {isa = PBXBuildFile; fileRef = 84E094431F8B7BFD0020F3CE /* Assets.xcassets */; };
		84E094471F8B7BFD0020F3CE /* LaunchScreen.storyboard in Resources */ = {isa = PBXBuildFile; fileRef = 84E094451F8B7BFD0020F3CE /* LaunchScreen.storyboard */; };
		84E094521F8B7BFE0020F3CE /* ar_practiceTests.swift in Sources */ = {isa = PBXBuildFile; fileRef = 84E094511F8B7BFE0020F3CE /* ar_practiceTests.swift */; };
		84E0945D1F8B7BFE0020F3CE /* ar_practiceUITests.swift in Sources */ = {isa = PBXBuildFile; fileRef = 84E0945C1F8B7BFE0020F3CE /* ar_practiceUITests.swift */; };
		84E0946B1F8B9C0A0020F3CE /* DetectingPlaneViewController.swift in Sources */ = {isa = PBXBuildFile; fileRef = 84E0946A1F8B9C0A0020F3CE /* DetectingPlaneViewController.swift */; };
		84F1D1BC1F8D01A4006D45FA /* PlacingVirtualObjectsViewController.swift in Sources */ = {isa = PBXBuildFile; fileRef = 84F1D1BB1F8D01A4006D45FA /* PlacingVirtualObjectsViewController.swift */; };
/* End PBXBuildFile section */

/* Begin PBXContainerItemProxy section */
		84E0944E1F8B7BFE0020F3CE /* PBXContainerItemProxy */ = {
			isa = PBXContainerItemProxy;
			containerPortal = 84E0942F1F8B7BFD0020F3CE /* Project object */;
			proxyType = 1;
			remoteGlobalIDString = 84E094361F8B7BFD0020F3CE;
			remoteInfo = "ar-practice";
		};
		84E094591F8B7BFE0020F3CE /* PBXContainerItemProxy */ = {
			isa = PBXContainerItemProxy;
			containerPortal = 84E0942F1F8B7BFD0020F3CE /* Project object */;
			proxyType = 1;
			remoteGlobalIDString = 84E094361F8B7BFD0020F3CE;
			remoteInfo = "ar-practice";
		};
/* End PBXContainerItemProxy section */

/* Begin PBXFileReference section */
		8422E1661F8CC65D00941BA4 /* grid.png */ = {isa = PBXFileReference; lastKnownFileType = image.png; name = grid.png; path = ../../../grid.png; sourceTree = "<group>"; };
		84797BBD1F8E3C1700DC71EA /* CollisionBetweenBoxAndPlaneViewController.swift */ = {isa = PBXFileReference; lastKnownFileType = sourcecode.swift; path = CollisionBetweenBoxAndPlaneViewController.swift; sourceTree = "<group>"; };
		84797BBF1F8E463F00DC71EA /* ApplyingForceToPhysicalObjectsViewController.swift */ = {isa = PBXFileReference; lastKnownFileType = sourcecode.swift; path = ApplyingForceToPhysicalObjectsViewController.swift; sourceTree = "<group>"; };
		848185BA1F8D107A005D903F /* AddingPhysicsToObjectViewController.swift */ = {isa = PBXFileReference; lastKnownFileType = sourcecode.swift; path = AddingPhysicsToObjectViewController.swift; sourceTree = "<group>"; };
		849AC1851F8F79D7000B6CC2 /* table.dae */ = {isa = PBXFileReference; fileEncoding = 4; lastKnownFileType = text.xml.dae; name = table.dae; path = ../../../../Documents/table.dae; sourceTree = "<group>"; };
		849AC1871F8F7AB0000B6CC2 /* FW_WD_M.JPG */ = {isa = PBXFileReference; lastKnownFileType = image.jpeg; name = FW_WD_M.JPG; path = "../../../../Downloads/Table round038.ZIP/TBR038/FW_WD_M.JPG"; sourceTree = "<group>"; };
		849AC1891F8F7BB8000B6CC2 /* LoadingModelsViewController.swift */ = {isa = PBXFileReference; lastKnownFileType = sourcecode.swift; path = LoadingModelsViewController.swift; sourceTree = "<group>"; };
		849AC18B1F8F9229000B6CC2 /* tischholz2.jpg */ = {isa = PBXFileReference; lastKnownFileType = image.jpeg; name = tischholz2.jpg; path = ../../../../Documents/bench/tischholz2.jpg; sourceTree = "<group>"; };
		849AC18C1F8F9229000B6CC2 /* _6.jpg */ = {isa = PBXFileReference; lastKnownFileType = image.jpeg; name = _6.jpg; path = ../../../../Documents/bench/_6.jpg; sourceTree = "<group>"; };
		849AC18D1F8F9229000B6CC2 /* tischholz.jpg */ = {isa = PBXFileReference; lastKnownFileType = image.jpeg; name = tischholz.jpg; path = ../../../../Documents/bench/tischholz.jpg; sourceTree = "<group>"; };
		849AC1911F8F9231000B6CC2 /* bench.dae */ = {isa = PBXFileReference; fileEncoding = 4; lastKnownFileType = text.xml.dae; name = bench.dae; path = ../../../../Documents/bench.dae; sourceTree = "<group>"; };
		84A835001F8BB673003A5EDC /* OverlayPlane.swift */ = {isa = PBXFileReference; lastKnownFileType = sourcecode.swift; path = OverlayPlane.swift; sourceTree = "<group>"; };
		84E094371F8B7BFD0020F3CE /* ar-practice.app */ = {isa = PBXFileReference; explicitFileType = wrapper.application; includeInIndex = 0; path = "ar-practice.app"; sourceTree = BUILT_PRODUCTS_DIR; };
		84E0943A1F8B7BFD0020F3CE /* AppDelegate.swift */ = {isa = PBXFileReference; lastKnownFileType = sourcecode.swift; path = AppDelegate.swift; sourceTree = "<group>"; };
		84E0943C1F8B7BFD0020F3CE /* art.scnassets */ = {isa = PBXFileReference; lastKnownFileType = wrapper.scnassets; path = art.scnassets; sourceTree = "<group>"; };
		84E0943E1F8B7BFD0020F3CE /* ViewController.swift */ = {isa = PBXFileReference; lastKnownFileType = sourcecode.swift; path = ViewController.swift; sourceTree = "<group>"; };
		84E094411F8B7BFD0020F3CE /* Base */ = {isa = PBXFileReference; lastKnownFileType = file.storyboard; name = Base; path = Base.lproj/Main.storyboard; sourceTree = "<group>"; };
		84E094431F8B7BFD0020F3CE /* Assets.xcassets */ = {isa = PBXFileReference; lastKnownFileType = folder.assetcatalog; path = Assets.xcassets; sourceTree = "<group>"; };
		84E094461F8B7BFD0020F3CE /* Base */ = {isa = PBXFileReference; lastKnownFileType = file.storyboard; name = Base; path = Base.lproj/LaunchScreen.storyboard; sourceTree = "<group>"; };
		84E094481F8B7BFD0020F3CE /* Info.plist */ = {isa = PBXFileReference; lastKnownFileType = text.plist.xml; path = Info.plist; sourceTree = "<group>"; };
		84E0944D1F8B7BFE0020F3CE /* ar-practiceTests.xctest */ = {isa = PBXFileReference; explicitFileType = wrapper.cfbundle; includeInIndex = 0; path = "ar-practiceTests.xctest"; sourceTree = BUILT_PRODUCTS_DIR; };
		84E094511F8B7BFE0020F3CE /* ar_practiceTests.swift */ = {isa = PBXFileReference; lastKnownFileType = sourcecode.swift; path = ar_practiceTests.swift; sourceTree = "<group>"; };
		84E094531F8B7BFE0020F3CE /* Info.plist */ = {isa = PBXFileReference; lastKnownFileType = text.plist.xml; path = Info.plist; sourceTree = "<group>"; };
		84E094581F8B7BFE0020F3CE /* ar-practiceUITests.xctest */ = {isa = PBXFileReference; explicitFileType = wrapper.cfbundle; includeInIndex = 0; path = "ar-practiceUITests.xctest"; sourceTree = BUILT_PRODUCTS_DIR; };
		84E0945C1F8B7BFE0020F3CE /* ar_practiceUITests.swift */ = {isa = PBXFileReference; lastKnownFileType = sourcecode.swift; path = ar_practiceUITests.swift; sourceTree = "<group>"; };
		84E0945E1F8B7BFE0020F3CE /* Info.plist */ = {isa = PBXFileReference; lastKnownFileType = text.plist.xml; path = Info.plist; sourceTree = "<group>"; };
		84E0946A1F8B9C0A0020F3CE /* DetectingPlaneViewController.swift */ = {isa = PBXFileReference; lastKnownFileType = sourcecode.swift; path = DetectingPlaneViewController.swift; sourceTree = "<group>"; };
		84F1D1BB1F8D01A4006D45FA /* PlacingVirtualObjectsViewController.swift */ = {isa = PBXFileReference; lastKnownFileType = sourcecode.swift; path = PlacingVirtualObjectsViewController.swift; sourceTree = "<group>"; };
/* End PBXFileReference section */

/* Begin PBXFrameworksBuildPhase section */
		84E094341F8B7BFD0020F3CE /* Frameworks */ = {
			isa = PBXFrameworksBuildPhase;
			buildActionMask = 2147483647;
			files = (
			);
			runOnlyForDeploymentPostprocessing = 0;
		};
		84E0944A1F8B7BFE0020F3CE /* Frameworks */ = {
			isa = PBXFrameworksBuildPhase;
			buildActionMask = 2147483647;
			files = (
			);
			runOnlyForDeploymentPostprocessing = 0;
		};
		84E094551F8B7BFE0020F3CE /* Frameworks */ = {
			isa = PBXFrameworksBuildPhase;
			buildActionMask = 2147483647;
			files = (
			);
			runOnlyForDeploymentPostprocessing = 0;
		};
/* End PBXFrameworksBuildPhase section */

/* Begin PBXGroup section */
		84E0942E1F8B7BFD0020F3CE = {
			isa = PBXGroup;
			children = (
				84E094391F8B7BFD0020F3CE /* ar-practice */,
				84E094501F8B7BFE0020F3CE /* ar-practiceTests */,
				84E0945B1F8B7BFE0020F3CE /* ar-practiceUITests */,
				84E094381F8B7BFD0020F3CE /* Products */,
			);
			sourceTree = "<group>";
		};
		84E094381F8B7BFD0020F3CE /* Products */ = {
			isa = PBXGroup;
			children = (
				84E094371F8B7BFD0020F3CE /* ar-practice.app */,
				84E0944D1F8B7BFE0020F3CE /* ar-practiceTests.xctest */,
				84E094581F8B7BFE0020F3CE /* ar-practiceUITests.xctest */,
			);
			name = Products;
			sourceTree = "<group>";
		};
		84E094391F8B7BFD0020F3CE /* ar-practice */ = {
			isa = PBXGroup;
			children = (
				849AC1911F8F9231000B6CC2 /* bench.dae */,
				849AC18C1F8F9229000B6CC2 /* _6.jpg */,
				849AC18D1F8F9229000B6CC2 /* tischholz.jpg */,
				849AC18B1F8F9229000B6CC2 /* tischholz2.jpg */,
				849AC1871F8F7AB0000B6CC2 /* FW_WD_M.JPG */,
				849AC1851F8F79D7000B6CC2 /* table.dae */,
				8422E1661F8CC65D00941BA4 /* grid.png */,
				84E0943A1F8B7BFD0020F3CE /* AppDelegate.swift */,
				84E0943C1F8B7BFD0020F3CE /* art.scnassets */,
				84E0943E1F8B7BFD0020F3CE /* ViewController.swift */,
				84E094401F8B7BFD0020F3CE /* Main.storyboard */,
				84E094431F8B7BFD0020F3CE /* Assets.xcassets */,
				84E094451F8B7BFD0020F3CE /* LaunchScreen.storyboard */,
				84E094481F8B7BFD0020F3CE /* Info.plist */,
				84E0946A1F8B9C0A0020F3CE /* DetectingPlaneViewController.swift */,
				84A835001F8BB673003A5EDC /* OverlayPlane.swift */,
				84F1D1BB1F8D01A4006D45FA /* PlacingVirtualObjectsViewController.swift */,
				848185BA1F8D107A005D903F /* AddingPhysicsToObjectViewController.swift */,
				84797BBD1F8E3C1700DC71EA /* CollisionBetweenBoxAndPlaneViewController.swift */,
				84797BBF1F8E463F00DC71EA /* ApplyingForceToPhysicalObjectsViewController.swift */,
				849AC1891F8F7BB8000B6CC2 /* LoadingModelsViewController.swift */,
			);
			path = "ar-practice";
			sourceTree = "<group>";
		};
		84E094501F8B7BFE0020F3CE /* ar-practiceTests */ = {
			isa = PBXGroup;
			children = (
				84E094511F8B7BFE0020F3CE /* ar_practiceTests.swift */,
				84E094531F8B7BFE0020F3CE /* Info.plist */,
			);
			path = "ar-practiceTests";
			sourceTree = "<group>";
		};
		84E0945B1F8B7BFE0020F3CE /* ar-practiceUITests */ = {
			isa = PBXGroup;
			children = (
				84E0945C1F8B7BFE0020F3CE /* ar_practiceUITests.swift */,
				84E0945E1F8B7BFE0020F3CE /* Info.plist */,
			);
			path = "ar-practiceUITests";
			sourceTree = "<group>";
		};
/* End PBXGroup section */

/* Begin PBXNativeTarget section */
		84E094361F8B7BFD0020F3CE /* ar-practice */ = {
			isa = PBXNativeTarget;
			buildConfigurationList = 84E094611F8B7BFE0020F3CE /* Build configuration list for PBXNativeTarget "ar-practice" */;
			buildPhases = (
				84E094331F8B7BFD0020F3CE /* Sources */,
				84E094341F8B7BFD0020F3CE /* Frameworks */,
				84E094351F8B7BFD0020F3CE /* Resources */,
			);
			buildRules = (
			);
			dependencies = (
			);
			name = "ar-practice";
			productName = "ar-practice";
			productReference = 84E094371F8B7BFD0020F3CE /* ar-practice.app */;
			productType = "com.apple.product-type.application";
		};
		84E0944C1F8B7BFE0020F3CE /* ar-practiceTests */ = {
			isa = PBXNativeTarget;
			buildConfigurationList = 84E094641F8B7BFE0020F3CE /* Build configuration list for PBXNativeTarget "ar-practiceTests" */;
			buildPhases = (
				84E094491F8B7BFE0020F3CE /* Sources */,
				84E0944A1F8B7BFE0020F3CE /* Frameworks */,
				84E0944B1F8B7BFE0020F3CE /* Resources */,
			);
			buildRules = (
			);
			dependencies = (
				84E0944F1F8B7BFE0020F3CE /* PBXTargetDependency */,
			);
			name = "ar-practiceTests";
			productName = "ar-practiceTests";
			productReference = 84E0944D1F8B7BFE0020F3CE /* ar-practiceTests.xctest */;
			productType = "com.apple.product-type.bundle.unit-test";
		};
		84E094571F8B7BFE0020F3CE /* ar-practiceUITests */ = {
			isa = PBXNativeTarget;
			buildConfigurationList = 84E094671F8B7BFE0020F3CE /* Build configuration list for PBXNativeTarget "ar-practiceUITests" */;
			buildPhases = (
				84E094541F8B7BFE0020F3CE /* Sources */,
				84E094551F8B7BFE0020F3CE /* Frameworks */,
				84E094561F8B7BFE0020F3CE /* Resources */,
			);
			buildRules = (
			);
			dependencies = (
				84E0945A1F8B7BFE0020F3CE /* PBXTargetDependency */,
			);
			name = "ar-practiceUITests";
			productName = "ar-practiceUITests";
			productReference = 84E094581F8B7BFE0020F3CE /* ar-practiceUITests.xctest */;
			productType = "com.apple.product-type.bundle.ui-testing";
		};
/* End PBXNativeTarget section */

/* Begin PBXProject section */
		84E0942F1F8B7BFD0020F3CE /* Project object */ = {
			isa = PBXProject;
			attributes = {
				LastSwiftUpdateCheck = 0900;
				LastUpgradeCheck = 0900;
				ORGANIZATIONNAME = admin;
				TargetAttributes = {
					84E094361F8B7BFD0020F3CE = {
						CreatedOnToolsVersion = 9.0;
						ProvisioningStyle = Automatic;
					};
					84E0944C1F8B7BFE0020F3CE = {
						CreatedOnToolsVersion = 9.0;
						ProvisioningStyle = Automatic;
						TestTargetID = 84E094361F8B7BFD0020F3CE;
					};
					84E094571F8B7BFE0020F3CE = {
						CreatedOnToolsVersion = 9.0;
						ProvisioningStyle = Automatic;
						TestTargetID = 84E094361F8B7BFD0020F3CE;
					};
				};
			};
			buildConfigurationList = 84E094321F8B7BFD0020F3CE /* Build configuration list for PBXProject "ar-practice" */;
			compatibilityVersion = "Xcode 8.0";
			developmentRegion = en;
			hasScannedForEncodings = 0;
			knownRegions = (
				en,
				Base,
			);
			mainGroup = 84E0942E1F8B7BFD0020F3CE;
			productRefGroup = 84E094381F8B7BFD0020F3CE /* Products */;
			projectDirPath = "";
			projectRoot = "";
			targets = (
				84E094361F8B7BFD0020F3CE /* ar-practice */,
				84E0944C1F8B7BFE0020F3CE /* ar-practiceTests */,
				84E094571F8B7BFE0020F3CE /* ar-practiceUITests */,
			);
		};
/* End PBXProject section */

/* Begin PBXResourcesBuildPhase section */
		84E094351F8B7BFD0020F3CE /* Resources */ = {
			isa = PBXResourcesBuildPhase;
			buildActionMask = 2147483647;
			files = (
				849AC1881F8F7AB1000B6CC2 /* FW_WD_M.JPG in Resources */,
				84E0943D1F8B7BFD0020F3CE /* art.scnassets in Resources */,
				849AC18F1F8F9229000B6CC2 /* _6.jpg in Resources */,
				8422E1671F8CC65D00941BA4 /* grid.png in Resources */,
				84E094471F8B7BFD0020F3CE /* LaunchScreen.storyboard in Resources */,
				84E094441F8B7BFD0020F3CE /* Assets.xcassets in Resources */,
				84E094421F8B7BFD0020F3CE /* Main.storyboard in Resources */,
				849AC1921F8F9231000B6CC2 /* bench.dae in Resources */,
				849AC1861F8F79D7000B6CC2 /* table.dae in Resources */,
				849AC1901F8F9229000B6CC2 /* tischholz.jpg in Resources */,
				849AC18E1F8F9229000B6CC2 /* tischholz2.jpg in Resources */,
			);
			runOnlyForDeploymentPostprocessing = 0;
		};
		84E0944B1F8B7BFE0020F3CE /* Resources */ = {
			isa = PBXResourcesBuildPhase;
			buildActionMask = 2147483647;
			files = (
			);
			runOnlyForDeploymentPostprocessing = 0;
		};
		84E094561F8B7BFE0020F3CE /* Resources */ = {
			isa = PBXResourcesBuildPhase;
			buildActionMask = 2147483647;
			files = (
			);
			runOnlyForDeploymentPostprocessing = 0;
		};
/* End PBXResourcesBuildPhase section */

/* Begin PBXSourcesBuildPhase section */
		84E094331F8B7BFD0020F3CE /* Sources */ = {
			isa = PBXSourcesBuildPhase;
			buildActionMask = 2147483647;
			files = (
				84797BBE1F8E3C1700DC71EA /* CollisionBetweenBoxAndPlaneViewController.swift in Sources */,
				84797BC01F8E463F00DC71EA /* ApplyingForceToPhysicalObjectsViewController.swift in Sources */,
				84E0943F1F8B7BFD0020F3CE /* ViewController.swift in Sources */,
				84E0943B1F8B7BFD0020F3CE /* AppDelegate.swift in Sources */,
				849AC18A1F8F7BB8000B6CC2 /* LoadingModelsViewController.swift in Sources */,
				84E0946B1F8B9C0A0020F3CE /* DetectingPlaneViewController.swift in Sources */,
				848185BB1F8D107A005D903F /* AddingPhysicsToObjectViewController.swift in Sources */,
				84F1D1BC1F8D01A4006D45FA /* PlacingVirtualObjectsViewController.swift in Sources */,
				84A835011F8BB673003A5EDC /* OverlayPlane.swift in Sources */,
			);
			runOnlyForDeploymentPostprocessing = 0;
		};
		84E094491F8B7BFE0020F3CE /* Sources */ = {
			isa = PBXSourcesBuildPhase;
			buildActionMask = 2147483647;
			files = (
				84E094521F8B7BFE0020F3CE /* ar_practiceTests.swift in Sources */,
			);
			runOnlyForDeploymentPostprocessing = 0;
		};
		84E094541F8B7BFE0020F3CE /* Sources */ = {
			isa = PBXSourcesBuildPhase;
			buildActionMask = 2147483647;
			files = (
				84E0945D1F8B7BFE0020F3CE /* ar_practiceUITests.swift in Sources */,
			);
			runOnlyForDeploymentPostprocessing = 0;
		};
/* End PBXSourcesBuildPhase section */

/* Begin PBXTargetDependency section */
		84E0944F1F8B7BFE0020F3CE /* PBXTargetDependency */ = {
			isa = PBXTargetDependency;
			target = 84E094361F8B7BFD0020F3CE /* ar-practice */;
			targetProxy = 84E0944E1F8B7BFE0020F3CE /* PBXContainerItemProxy */;
		};
		84E0945A1F8B7BFE0020F3CE /* PBXTargetDependency */ = {
			isa = PBXTargetDependency;
			target = 84E094361F8B7BFD0020F3CE /* ar-practice */;
			targetProxy = 84E094591F8B7BFE0020F3CE /* PBXContainerItemProxy */;
		};
/* End PBXTargetDependency section */

/* Begin PBXVariantGroup section */
		84E094401F8B7BFD0020F3CE /* Main.storyboard */ = {
			isa = PBXVariantGroup;
			children = (
				84E094411F8B7BFD0020F3CE /* Base */,
			);
			name = Main.storyboard;
			sourceTree = "<group>";
		};
		84E094451F8B7BFD0020F3CE /* LaunchScreen.storyboard */ = {
			isa = PBXVariantGroup;
			children = (
				84E094461F8B7BFD0020F3CE /* Base */,
			);
			name = LaunchScreen.storyboard;
			sourceTree = "<group>";
		};
/* End PBXVariantGroup section */

/* Begin XCBuildConfiguration section */
		84E0945F1F8B7BFE0020F3CE /* Debug */ = {
			isa = XCBuildConfiguration;
			buildSettings = {
				ALWAYS_SEARCH_USER_PATHS = NO;
				CLANG_ANALYZER_NONNULL = YES;
				CLANG_ANALYZER_NUMBER_OBJECT_CONVERSION = YES_AGGRESSIVE;
				CLANG_CXX_LANGUAGE_STANDARD = "gnu++14";
				CLANG_CXX_LIBRARY = "libc++";
				CLANG_ENABLE_MODULES = YES;
				CLANG_ENABLE_OBJC_ARC = YES;
				CLANG_WARN_BLOCK_CAPTURE_AUTORELEASING = YES;
				CLANG_WARN_BOOL_CONVERSION = YES;
				CLANG_WARN_COMMA = YES;
				CLANG_WARN_CONSTANT_CONVERSION = YES;
				CLANG_WARN_DIRECT_OBJC_ISA_USAGE = YES_ERROR;
				CLANG_WARN_DOCUMENTATION_COMMENTS = YES;
				CLANG_WARN_EMPTY_BODY = YES;
				CLANG_WARN_ENUM_CONVERSION = YES;
				CLANG_WARN_INFINITE_RECURSION = YES;
				CLANG_WARN_INT_CONVERSION = YES;
				CLANG_WARN_NON_LITERAL_NULL_CONVERSION = YES;
				CLANG_WARN_OBJC_LITERAL_CONVERSION = YES;
				CLANG_WARN_OBJC_ROOT_CLASS = YES_ERROR;
				CLANG_WARN_RANGE_LOOP_ANALYSIS = YES;
				CLANG_WARN_STRICT_PROTOTYPES = YES;
				CLANG_WARN_SUSPICIOUS_MOVE = YES;
				CLANG_WARN_UNGUARDED_AVAILABILITY = YES_AGGRESSIVE;
				CLANG_WARN_UNREACHABLE_CODE = YES;
				CLANG_WARN__DUPLICATE_METHOD_MATCH = YES;
				CODE_SIGN_IDENTITY = "iPhone Developer";
				COPY_PHASE_STRIP = NO;
				DEBUG_INFORMATION_FORMAT = dwarf;
				ENABLE_STRICT_OBJC_MSGSEND = YES;
				ENABLE_TESTABILITY = YES;
				GCC_C_LANGUAGE_STANDARD = gnu11;
				GCC_DYNAMIC_NO_PIC = NO;
				GCC_NO_COMMON_BLOCKS = YES;
				GCC_OPTIMIZATION_LEVEL = 0;
				GCC_PREPROCESSOR_DEFINITIONS = (
					"DEBUG=1",
					"$(inherited)",
				);
				GCC_WARN_64_TO_32_BIT_CONVERSION = YES;
				GCC_WARN_ABOUT_RETURN_TYPE = YES_ERROR;
				GCC_WARN_UNDECLARED_SELECTOR = YES;
				GCC_WARN_UNINITIALIZED_AUTOS = YES_AGGRESSIVE;
				GCC_WARN_UNUSED_FUNCTION = YES;
				GCC_WARN_UNUSED_VARIABLE = YES;
				IPHONEOS_DEPLOYMENT_TARGET = 11.0;
				MTL_ENABLE_DEBUG_INFO = YES;
				ONLY_ACTIVE_ARCH = YES;
				SDKROOT = iphoneos;
				SWIFT_ACTIVE_COMPILATION_CONDITIONS = DEBUG;
				SWIFT_OPTIMIZATION_LEVEL = "-Onone";
			};
			name = Debug;
		};
		84E094601F8B7BFE0020F3CE /* Release */ = {
			isa = XCBuildConfiguration;
			buildSettings = {
				ALWAYS_SEARCH_USER_PATHS = NO;
				CLANG_ANALYZER_NONNULL = YES;
				CLANG_ANALYZER_NUMBER_OBJECT_CONVERSION = YES_AGGRESSIVE;
				CLANG_CXX_LANGUAGE_STANDARD = "gnu++14";
				CLANG_CXX_LIBRARY = "libc++";
				CLANG_ENABLE_MODULES = YES;
				CLANG_ENABLE_OBJC_ARC = YES;
				CLANG_WARN_BLOCK_CAPTURE_AUTORELEASING = YES;
				CLANG_WARN_BOOL_CONVERSION = YES;
				CLANG_WARN_COMMA = YES;
				CLANG_WARN_CONSTANT_CONVERSION = YES;
				CLANG_WARN_DIRECT_OBJC_ISA_USAGE = YES_ERROR;
				CLANG_WARN_DOCUMENTATION_COMMENTS = YES;
				CLANG_WARN_EMPTY_BODY = YES;
				CLANG_WARN_ENUM_CONVERSION = YES;
				CLANG_WARN_INFINITE_RECURSION = YES;
				CLANG_WARN_INT_CONVERSION = YES;
				CLANG_WARN_NON_LITERAL_NULL_CONVERSION = YES;
				CLANG_WARN_OBJC_LITERAL_CONVERSION = YES;
				CLANG_WARN_OBJC_ROOT_CLASS = YES_ERROR;
				CLANG_WARN_RANGE_LOOP_ANALYSIS = YES;
				CLANG_WARN_STRICT_PROTOTYPES = YES;
				CLANG_WARN_SUSPICIOUS_MOVE = YES;
				CLANG_WARN_UNGUARDED_AVAILABILITY = YES_AGGRESSIVE;
				CLANG_WARN_UNREACHABLE_CODE = YES;
				CLANG_WARN__DUPLICATE_METHOD_MATCH = YES;
				CODE_SIGN_IDENTITY = "iPhone Developer";
				COPY_PHASE_STRIP = NO;
				DEBUG_INFORMATION_FORMAT = "dwarf-with-dsym";
				ENABLE_NS_ASSERTIONS = NO;
				ENABLE_STRICT_OBJC_MSGSEND = YES;
				GCC_C_LANGUAGE_STANDARD = gnu11;
				GCC_NO_COMMON_BLOCKS = YES;
				GCC_WARN_64_TO_32_BIT_CONVERSION = YES;
				GCC_WARN_ABOUT_RETURN_TYPE = YES_ERROR;
				GCC_WARN_UNDECLARED_SELECTOR = YES;
				GCC_WARN_UNINITIALIZED_AUTOS = YES_AGGRESSIVE;
				GCC_WARN_UNUSED_FUNCTION = YES;
				GCC_WARN_UNUSED_VARIABLE = YES;
				IPHONEOS_DEPLOYMENT_TARGET = 11.0;
				MTL_ENABLE_DEBUG_INFO = NO;
				SDKROOT = iphoneos;
				SWIFT_OPTIMIZATION_LEVEL = "-Owholemodule";
				VALIDATE_PRODUCT = YES;
			};
			name = Release;
		};
		84E094621F8B7BFE0020F3CE /* Debug */ = {
			isa = XCBuildConfiguration;
			buildSettings = {
				ASSETCATALOG_COMPILER_APPICON_NAME = AppIcon;
				CODE_SIGN_STYLE = Automatic;
				DEVELOPMENT_TEAM = SUBZ24DP5B;
				INFOPLIST_FILE = "ar-practice/Info.plist";
				LD_RUNPATH_SEARCH_PATHS = "$(inherited) @executable_path/Frameworks";
				PRODUCT_BUNDLE_IDENTIFIER = "com.panacloud.ar-practice";
				PRODUCT_NAME = "$(TARGET_NAME)";
				SWIFT_VERSION = 4.0;
				TARGETED_DEVICE_FAMILY = "1,2";
			};
			name = Debug;
		};
		84E094631F8B7BFE0020F3CE /* Release */ = {
			isa = XCBuildConfiguration;
			buildSettings = {
				ASSETCATALOG_COMPILER_APPICON_NAME = AppIcon;
				CODE_SIGN_STYLE = Automatic;
				DEVELOPMENT_TEAM = SUBZ24DP5B;
				INFOPLIST_FILE = "ar-practice/Info.plist";
				LD_RUNPATH_SEARCH_PATHS = "$(inherited) @executable_path/Frameworks";
				PRODUCT_BUNDLE_IDENTIFIER = "com.panacloud.ar-practice";
				PRODUCT_NAME = "$(TARGET_NAME)";
				SWIFT_VERSION = 4.0;
				TARGETED_DEVICE_FAMILY = "1,2";
			};
			name = Release;
		};
		84E094651F8B7BFE0020F3CE /* Debug */ = {
			isa = XCBuildConfiguration;
			buildSettings = {
				ALWAYS_EMBED_SWIFT_STANDARD_LIBRARIES = YES;
				BUNDLE_LOADER = "$(TEST_HOST)";
				CODE_SIGN_STYLE = Automatic;
				INFOPLIST_FILE = "ar-practiceTests/Info.plist";
				LD_RUNPATH_SEARCH_PATHS = "$(inherited) @executable_path/Frameworks @loader_path/Frameworks";
				PRODUCT_BUNDLE_IDENTIFIER = "com.panacloud.ar-practiceTests";
				PRODUCT_NAME = "$(TARGET_NAME)";
				SWIFT_VERSION = 4.0;
				TARGETED_DEVICE_FAMILY = "1,2";
				TEST_HOST = "$(BUILT_PRODUCTS_DIR)/ar-practice.app/ar-practice";
			};
			name = Debug;
		};
		84E094661F8B7BFE0020F3CE /* Release */ = {
			isa = XCBuildConfiguration;
			buildSettings = {
				ALWAYS_EMBED_SWIFT_STANDARD_LIBRARIES = YES;
				BUNDLE_LOADER = "$(TEST_HOST)";
				CODE_SIGN_STYLE = Automatic;
				INFOPLIST_FILE = "ar-practiceTests/Info.plist";
				LD_RUNPATH_SEARCH_PATHS = "$(inherited) @executable_path/Frameworks @loader_path/Frameworks";
				PRODUCT_BUNDLE_IDENTIFIER = "com.panacloud.ar-practiceTests";
				PRODUCT_NAME = "$(TARGET_NAME)";
				SWIFT_VERSION = 4.0;
				TARGETED_DEVICE_FAMILY = "1,2";
				TEST_HOST = "$(BUILT_PRODUCTS_DIR)/ar-practice.app/ar-practice";
			};
			name = Release;
		};
		84E094681F8B7BFE0020F3CE /* Debug */ = {
			isa = XCBuildConfiguration;
			buildSettings = {
				ALWAYS_EMBED_SWIFT_STANDARD_LIBRARIES = YES;
				CODE_SIGN_STYLE = Automatic;
				INFOPLIST_FILE = "ar-practiceUITests/Info.plist";
				LD_RUNPATH_SEARCH_PATHS = "$(inherited) @executable_path/Frameworks @loader_path/Frameworks";
				PRODUCT_BUNDLE_IDENTIFIER = "com.panacloud.ar-practiceUITests";
				PRODUCT_NAME = "$(TARGET_NAME)";
				SWIFT_VERSION = 4.0;
				TARGETED_DEVICE_FAMILY = "1,2";
				TEST_TARGET_NAME = "ar-practice";
			};
			name = Debug;
		};
		84E094691F8B7BFE0020F3CE /* Release */ = {
			isa = XCBuildConfiguration;
			buildSettings = {
				ALWAYS_EMBED_SWIFT_STANDARD_LIBRARIES = YES;
				CODE_SIGN_STYLE = Automatic;
				INFOPLIST_FILE = "ar-practiceUITests/Info.plist";
				LD_RUNPATH_SEARCH_PATHS = "$(inherited) @executable_path/Frameworks @loader_path/Frameworks";
				PRODUCT_BUNDLE_IDENTIFIER = "com.panacloud.ar-practiceUITests";
				PRODUCT_NAME = "$(TARGET_NAME)";
				SWIFT_VERSION = 4.0;
				TARGETED_DEVICE_FAMILY = "1,2";
				TEST_TARGET_NAME = "ar-practice";
			};
			name = Release;
		};
/* End XCBuildConfiguration section */

/* Begin XCConfigurationList section */
		84E094321F8B7BFD0020F3CE /* Build configuration list for PBXProject "ar-practice" */ = {
			isa = XCConfigurationList;
			buildConfigurations = (
				84E0945F1F8B7BFE0020F3CE /* Debug */,
				84E094601F8B7BFE0020F3CE /* Release */,
			);
			defaultConfigurationIsVisible = 0;
			defaultConfigurationName = Release;
		};
		84E094611F8B7BFE0020F3CE /* Build configuration list for PBXNativeTarget "ar-practice" */ = {
			isa = XCConfigurationList;
			buildConfigurations = (
				84E094621F8B7BFE0020F3CE /* Debug */,
				84E094631F8B7BFE0020F3CE /* Release */,
			);
			defaultConfigurationIsVisible = 0;
			defaultConfigurationName = Release;
		};
		84E094641F8B7BFE0020F3CE /* Build configuration list for PBXNativeTarget "ar-practiceTests" */ = {
			isa = XCConfigurationList;
			buildConfigurations = (
				84E094651F8B7BFE0020F3CE /* Debug */,
				84E094661F8B7BFE0020F3CE /* Release */,
			);
			defaultConfigurationIsVisible = 0;
			defaultConfigurationName = Release;
		};
		84E094671F8B7BFE0020F3CE /* Build configuration list for PBXNativeTarget "ar-practiceUITests" */ = {
			isa = XCConfigurationList;
			buildConfigurations = (
				84E094681F8B7BFE0020F3CE /* Debug */,
				84E094691F8B7BFE0020F3CE /* Release */,
			);
			defaultConfigurationIsVisible = 0;
			defaultConfigurationName = Release;
		};
/* End XCConfigurationList section */
	};
	rootObject = 84E0942F1F8B7BFD0020F3CE /* Project object */;
}
